
Microsoft Visual Studio Solution File, Format Version 12.00
# Visual Studio Version 16
VisualStudioVersion = 16.0.29509.3
MinimumVisualStudioVersion = 10.0.40219.1
Project("{9A19103F-16F7-4668-BE54-9A1E7A4F7556}") = "WebAPI", "EFTasks\WebAPI.csproj", "{16A687BE-3457-4217-875C-F1CEEB56E859}"
EndProject
Project("{9A19103F-16F7-4668-BE54-9A1E7A4F7556}") = "EFTasks.DAL", "DataLayer\EFTasks.DAL.csproj", "{C477397C-7FB0-45EB-8011-DFB5AC80112F}"
EndProject
Project("{FAE04EC0-301F-11D3-BF4B-00C04F79EFBC}") = "EFTasks.BLL", "BussinesLogic\EFTasks.BLL.csproj", "{7911413A-B18F-415E-83B1-BA88A80E72B0}"
EndProject
Global
	GlobalSection(SolutionConfigurationPlatforms) = preSolution
		Debug|Any CPU = Debug|Any CPU
		Release|Any CPU = Release|Any CPU
	EndGlobalSection
	GlobalSection(ProjectConfigurationPlatforms) = postSolution
		{16A687BE-3457-4217-875C-F1CEEB56E859}.Debug|Any CPU.ActiveCfg = Debug|Any CPU
		{16A687BE-3457-4217-875C-F1CEEB56E859}.Debug|Any CPU.Build.0 = Debug|Any CPU
		{16A687BE-3457-4217-875C-F1CEEB56E859}.Release|Any CPU.ActiveCfg = Release|Any CPU
		{16A687BE-3457-4217-875C-F1CEEB56E859}.Release|Any CPU.Build.0 = Release|Any CPU
		{C477397C-7FB0-45EB-8011-DFB5AC80112F}.Debug|Any CPU.ActiveCfg = Debug|Any CPU
		{C477397C-7FB0-45EB-8011-DFB5AC80112F}.Debug|Any CPU.Build.0 = Debug|Any CPU
		{C477397C-7FB0-45EB-8011-DFB5AC80112F}.Release|Any CPU.ActiveCfg = Release|Any CPU
		{C477397C-7FB0-45EB-8011-DFB5AC80112F}.Release|Any CPU.Build.0 = Release|Any CPU
		{7911413A-B18F-415E-83B1-BA88A80E72B0}.Debug|Any CPU.ActiveCfg = Debug|Any CPU
		{7911413A-B18F-415E-83B1-BA88A80E72B0}.Debug|Any CPU.Build.0 = Debug|Any CPU
		{7911413A-B18F-415E-83B1-BA88A80E72B0}.Release|Any CPU.ActiveCfg = Release|Any CPU
		{7911413A-B18F-415E-83B1-BA88A80E72B0}.Release|Any CPU.Build.0 = Release|Any CPU
	EndGlobalSection
	GlobalSection(SolutionProperties) = preSolution
		HideSolutionNode = FALSE
	EndGlobalSection
	GlobalSection(ExtensibilityGlobals) = postSolution
		SolutionGuid = {C527EC08-B136-4559-A6EA-BA072F09A3E4}
	EndGlobalSection
EndGlobal
